
Microsoft Visual Studio Solution File, Format Version 12.00
# Visual Studio Version 17
VisualStudioVersion = 17.5.002.0
MinimumVisualStudioVersion = 10.0.40219.1
Project("{9A19103F-16F7-4668-BE54-9A1E7A4F7556}") = "HelloWorld", "HelloWorld\HelloWorld.csproj", "{EFE9A29B-EAE9-49EF-ADFE-45FB468C09D5}"
EndProject
Project("{2150E333-8FDC-42A3-9474-1A3956D46DE8}") = "Kapitel 1", "Kapitel 1", "{D5377DF7-E518-47B9-A8D5-BD4FDDB09F78}"
EndProject
Project("{9A19103F-16F7-4668-BE54-9A1E7A4F7556}") = "Lucktext", "Kapitel 1\Lucktext\Lucktext.csproj", "{4CF0631A-F616-466E-9C7B-FAB8FF278B6C}"
EndProject
Project("{9A19103F-16F7-4668-BE54-9A1E7A4F7556}") = "Registrering", "Kapitel 1\Registrering\Registrering.csproj", "{5DA93CF2-2CAD-4BF7-B641-4A123574A26A}"
EndProject
Project("{2150E333-8FDC-42A3-9474-1A3956D46DE8}") = "Kapitel 3", "Kapitel 3", "{3D5546B6-487E-4A23-9E47-0BD5BC9F8883}"
EndProject
Project("{9A19103F-16F7-4668-BE54-9A1E7A4F7556}") = "EngChart", "Kapitel 3\EngChart\EngChart.csproj", "{39AFB1E7-E2DB-4F8D-9863-0A38AC6F4429}"
EndProject
Project("{9A19103F-16F7-4668-BE54-9A1E7A4F7556}") = "InteractivStory", "Kapitel 3\InteractivStory\InteractivStory.csproj", "{3CD4BA89-0488-47F5-BF1B-1D172D3FA77A}"
EndProject
Global
	GlobalSection(SolutionConfigurationPlatforms) = preSolution
		Debug|Any CPU = Debug|Any CPU
		Release|Any CPU = Release|Any CPU
	EndGlobalSection
	GlobalSection(ProjectConfigurationPlatforms) = postSolution
		{EFE9A29B-EAE9-49EF-ADFE-45FB468C09D5}.Debug|Any CPU.ActiveCfg = Debug|Any CPU
		{EFE9A29B-EAE9-49EF-ADFE-45FB468C09D5}.Debug|Any CPU.Build.0 = Debug|Any CPU
		{EFE9A29B-EAE9-49EF-ADFE-45FB468C09D5}.Release|Any CPU.ActiveCfg = Release|Any CPU
		{EFE9A29B-EAE9-49EF-ADFE-45FB468C09D5}.Release|Any CPU.Build.0 = Release|Any CPU
		{4CF0631A-F616-466E-9C7B-FAB8FF278B6C}.Debug|Any CPU.ActiveCfg = Debug|Any CPU
		{4CF0631A-F616-466E-9C7B-FAB8FF278B6C}.Debug|Any CPU.Build.0 = Debug|Any CPU
		{4CF0631A-F616-466E-9C7B-FAB8FF278B6C}.Release|Any CPU.ActiveCfg = Release|Any CPU
		{4CF0631A-F616-466E-9C7B-FAB8FF278B6C}.Release|Any CPU.Build.0 = Release|Any CPU
		{5DA93CF2-2CAD-4BF7-B641-4A123574A26A}.Debug|Any CPU.ActiveCfg = Debug|Any CPU
		{5DA93CF2-2CAD-4BF7-B641-4A123574A26A}.Debug|Any CPU.Build.0 = Debug|Any CPU
		{5DA93CF2-2CAD-4BF7-B641-4A123574A26A}.Release|Any CPU.ActiveCfg = Release|Any CPU
		{5DA93CF2-2CAD-4BF7-B641-4A123574A26A}.Release|Any CPU.Build.0 = Release|Any CPU
		{39AFB1E7-E2DB-4F8D-9863-0A38AC6F4429}.Debug|Any CPU.ActiveCfg = Debug|Any CPU
		{39AFB1E7-E2DB-4F8D-9863-0A38AC6F4429}.Debug|Any CPU.Build.0 = Debug|Any CPU
		{39AFB1E7-E2DB-4F8D-9863-0A38AC6F4429}.Release|Any CPU.ActiveCfg = Release|Any CPU
		{39AFB1E7-E2DB-4F8D-9863-0A38AC6F4429}.Release|Any CPU.Build.0 = Release|Any CPU
		{3CD4BA89-0488-47F5-BF1B-1D172D3FA77A}.Debug|Any CPU.ActiveCfg = Debug|Any CPU
		{3CD4BA89-0488-47F5-BF1B-1D172D3FA77A}.Debug|Any CPU.Build.0 = Debug|Any CPU
		{3CD4BA89-0488-47F5-BF1B-1D172D3FA77A}.Release|Any CPU.ActiveCfg = Release|Any CPU
		{3CD4BA89-0488-47F5-BF1B-1D172D3FA77A}.Release|Any CPU.Build.0 = Release|Any CPU
	EndGlobalSection
	GlobalSection(SolutionProperties) = preSolution
		HideSolutionNode = FALSE
	EndGlobalSection
	GlobalSection(NestedProjects) = preSolution
		{4CF0631A-F616-466E-9C7B-FAB8FF278B6C} = {D5377DF7-E518-47B9-A8D5-BD4FDDB09F78}
		{5DA93CF2-2CAD-4BF7-B641-4A123574A26A} = {D5377DF7-E518-47B9-A8D5-BD4FDDB09F78}
		{39AFB1E7-E2DB-4F8D-9863-0A38AC6F4429} = {3D5546B6-487E-4A23-9E47-0BD5BC9F8883}
		{3CD4BA89-0488-47F5-BF1B-1D172D3FA77A} = {3D5546B6-487E-4A23-9E47-0BD5BC9F8883}
	EndGlobalSection
	GlobalSection(ExtensibilityGlobals) = postSolution
		SolutionGuid = {027538B8-FE29-4C7E-A3B6-A0FFD84E23A1}
	EndGlobalSection
EndGlobal
