
Microsoft Visual Studio Solution File, Format Version 12.00
# Visual Studio Version 17
VisualStudioVersion = 17.5.002.0
MinimumVisualStudioVersion = 10.0.40219.1
Project("{9A19103F-16F7-4668-BE54-9A1E7A4F7556}") = "BMI", "BMI.csproj", "{B0C67CA3-E346-412A-9C7D-133D6266DDD6}"
EndProject
Global
	GlobalSection(SolutionConfigurationPlatforms) = preSolution
		Debug|Any CPU = Debug|Any CPU
		Release|Any CPU = Release|Any CPU
	EndGlobalSection
	GlobalSection(ProjectConfigurationPlatforms) = postSolution
		{B0C67CA3-E346-412A-9C7D-133D6266DDD6}.Debug|Any CPU.ActiveCfg = Debug|Any CPU
		{B0C67CA3-E346-412A-9C7D-133D6266DDD6}.Debug|Any CPU.Build.0 = Debug|Any CPU
		{B0C67CA3-E346-412A-9C7D-133D6266DDD6}.Release|Any CPU.ActiveCfg = Release|Any CPU
		{B0C67CA3-E346-412A-9C7D-133D6266DDD6}.Release|Any CPU.Build.0 = Release|Any CPU
	EndGlobalSection
	GlobalSection(SolutionProperties) = preSolution
		HideSolutionNode = FALSE
	EndGlobalSection
	GlobalSection(ExtensibilityGlobals) = postSolution
		SolutionGuid = {2B0C0D61-D42B-48D4-9D9C-25AACBE93AC4}
	EndGlobalSection
EndGlobal
