
Microsoft Visual Studio Solution File, Format Version 12.00
# Visual Studio Version 17
VisualStudioVersion = 17.5.002.0
MinimumVisualStudioVersion = 10.0.40219.1
Project("{9A19103F-16F7-4668-BE54-9A1E7A4F7556}") = "Morsekod", "Morsekod.csproj", "{9C43B178-FC11-4757-8BE0-26AF59885A57}"
EndProject
Global
	GlobalSection(SolutionConfigurationPlatforms) = preSolution
		Debug|Any CPU = Debug|Any CPU
		Release|Any CPU = Release|Any CPU
	EndGlobalSection
	GlobalSection(ProjectConfigurationPlatforms) = postSolution
		{9C43B178-FC11-4757-8BE0-26AF59885A57}.Debug|Any CPU.ActiveCfg = Debug|Any CPU
		{9C43B178-FC11-4757-8BE0-26AF59885A57}.Debug|Any CPU.Build.0 = Debug|Any CPU
		{9C43B178-FC11-4757-8BE0-26AF59885A57}.Release|Any CPU.ActiveCfg = Release|Any CPU
		{9C43B178-FC11-4757-8BE0-26AF59885A57}.Release|Any CPU.Build.0 = Release|Any CPU
	EndGlobalSection
	GlobalSection(SolutionProperties) = preSolution
		HideSolutionNode = FALSE
	EndGlobalSection
	GlobalSection(ExtensibilityGlobals) = postSolution
		SolutionGuid = {117FB181-4741-4F51-AEF4-61E30B532A9E}
	EndGlobalSection
EndGlobal
