
Microsoft Visual Studio Solution File, Format Version 12.00
# Visual Studio Version 17
VisualStudioVersion = 17.5.002.0
MinimumVisualStudioVersion = 10.0.40219.1
Project("{9A19103F-16F7-4668-BE54-9A1E7A4F7556}") = "FahrenheitCelsius", "FahrenheitCelsius.csproj", "{A14DBF6B-7551-41E9-A2E1-C2BDD7708765}"
EndProject
Global
	GlobalSection(SolutionConfigurationPlatforms) = preSolution
		Debug|Any CPU = Debug|Any CPU
		Release|Any CPU = Release|Any CPU
	EndGlobalSection
	GlobalSection(ProjectConfigurationPlatforms) = postSolution
		{A14DBF6B-7551-41E9-A2E1-C2BDD7708765}.Debug|Any CPU.ActiveCfg = Debug|Any CPU
		{A14DBF6B-7551-41E9-A2E1-C2BDD7708765}.Debug|Any CPU.Build.0 = Debug|Any CPU
		{A14DBF6B-7551-41E9-A2E1-C2BDD7708765}.Release|Any CPU.ActiveCfg = Release|Any CPU
		{A14DBF6B-7551-41E9-A2E1-C2BDD7708765}.Release|Any CPU.Build.0 = Release|Any CPU
	EndGlobalSection
	GlobalSection(SolutionProperties) = preSolution
		HideSolutionNode = FALSE
	EndGlobalSection
	GlobalSection(ExtensibilityGlobals) = postSolution
		SolutionGuid = {5D47DC27-A20C-455D-B591-F039DD8AEFBB}
	EndGlobalSection
EndGlobal
